
Microsoft Visual Studio Solution File, Format Version 12.00
# Visual Studio Version 16
VisualStudioVersion = 16.0.31205.134
MinimumVisualStudioVersion = 10.0.40219.1
Project("{FAE04EC0-301F-11D3-BF4B-00C04F79EFBC}") = "Prueba_practica", "Prueba_practica\Prueba_practica.csproj", "{FB9A99BF-5795-481B-B465-368F080BBCA2}"
EndProject
Global
	GlobalSection(SolutionConfigurationPlatforms) = preSolution
		Debug|Any CPU = Debug|Any CPU
		Release|Any CPU = Release|Any CPU
	EndGlobalSection
	GlobalSection(ProjectConfigurationPlatforms) = postSolution
		{FB9A99BF-5795-481B-B465-368F080BBCA2}.Debug|Any CPU.ActiveCfg = Debug|Any CPU
		{FB9A99BF-5795-481B-B465-368F080BBCA2}.Debug|Any CPU.Build.0 = Debug|Any CPU
		{FB9A99BF-5795-481B-B465-368F080BBCA2}.Release|Any CPU.ActiveCfg = Release|Any CPU
		{FB9A99BF-5795-481B-B465-368F080BBCA2}.Release|Any CPU.Build.0 = Release|Any CPU
	EndGlobalSection
	GlobalSection(SolutionProperties) = preSolution
		HideSolutionNode = FALSE
	EndGlobalSection
	GlobalSection(ExtensibilityGlobals) = postSolution
		SolutionGuid = {134EF00D-A8BC-42E9-97DD-1E26099871DD}
	EndGlobalSection
EndGlobal
